
Microsoft Visual Studio Solution File, Format Version 12.00
# Visual Studio Version 17
VisualStudioVersion = 17.8.34525.116
MinimumVisualStudioVersion = 10.0.40219.1
Project("{9A19103F-16F7-4668-BE54-9A1E7A4F7556}") = "cjoli.Server", "cjoli.Server\cjoli.Server.csproj", "{936F93C7-2066-4D9B-B562-192226862798}"
EndProject
Project("{54A90642-561A-4BB1-A94E-469ADEE60C69}") = "cjoli.client", "cjoli.client\cjoli.client.esproj", "{870989A4-33AA-4983-B58C-C7CEBD051E1C}"
EndProject
Project("{2150E333-8FDC-42A3-9474-1A3956D46DE8}") = "Solution Items", "Solution Items", "{86734B4F-6512-4C8A-9372-C93EF41319F8}"
	ProjectSection(SolutionItems) = preProject
		README.md = README.md
	EndProjectSection
EndProject
Global
	GlobalSection(SolutionConfigurationPlatforms) = preSolution
		Debug|Any CPU = Debug|Any CPU
		Release|Any CPU = Release|Any CPU
	EndGlobalSection
	GlobalSection(ProjectConfigurationPlatforms) = postSolution
		{936F93C7-2066-4D9B-B562-192226862798}.Debug|Any CPU.ActiveCfg = Debug|Any CPU
		{936F93C7-2066-4D9B-B562-192226862798}.Debug|Any CPU.Build.0 = Debug|Any CPU
		{936F93C7-2066-4D9B-B562-192226862798}.Release|Any CPU.ActiveCfg = Release|Any CPU
		{936F93C7-2066-4D9B-B562-192226862798}.Release|Any CPU.Build.0 = Release|Any CPU
		{870989A4-33AA-4983-B58C-C7CEBD051E1C}.Debug|Any CPU.ActiveCfg = Debug|Any CPU
		{870989A4-33AA-4983-B58C-C7CEBD051E1C}.Debug|Any CPU.Build.0 = Debug|Any CPU
		{870989A4-33AA-4983-B58C-C7CEBD051E1C}.Debug|Any CPU.Deploy.0 = Debug|Any CPU
		{870989A4-33AA-4983-B58C-C7CEBD051E1C}.Release|Any CPU.ActiveCfg = Release|Any CPU
		{870989A4-33AA-4983-B58C-C7CEBD051E1C}.Release|Any CPU.Build.0 = Release|Any CPU
		{870989A4-33AA-4983-B58C-C7CEBD051E1C}.Release|Any CPU.Deploy.0 = Release|Any CPU
	EndGlobalSection
	GlobalSection(SolutionProperties) = preSolution
		HideSolutionNode = FALSE
	EndGlobalSection
	GlobalSection(ExtensibilityGlobals) = postSolution
		SolutionGuid = {FB80CDB4-530E-45C3-B097-EA23B18D195A}
	EndGlobalSection
EndGlobal
